Microsoft Visual Studio Solution File, Format Version 12.00
# Visual Studio Version 17
VisualStudioVersion = 17.5.2.0
MinimumVisualStudioVersion = 10.0.40219.1
Project("{2150E333-8FDC-42A3-9474-1A3956D46DE8}") = "src", "src", "{827E0CD3-B72D-47B6-A68D-7590B98EB39B}"
EndProject
Project("{FAE04EC0-301F-11D3-BF4B-00C04F79EFBC}") = "Audit", "src\Audit\Audit.csproj", "{26A6E8C9-B8E8-128E-F9AF-ED72ED014346}"
EndProject
Project("{FAE04EC0-301F-11D3-BF4B-00C04F79EFBC}") = "Gateway", "src\Gateway\Gateway.csproj", "{318D2742-157B-1B92-9F01-01C7F80B2F48}"
EndProject
Project("{FAE04EC0-301F-11D3-BF4B-00C04F79EFBC}") = "Identity", "src\Identity\Identity.csproj", "{FC6D1D09-2AC9-D68B-E183-4B79916DCE3A}"
EndProject
Project("{FAE04EC0-301F-11D3-BF4B-00C04F79EFBC}") = "Notification", "src\Notification\Notification.csproj", "{A6400398-1D4F-B75F-372F-5934A00A7593}"
EndProject
Project("{FAE04EC0-301F-11D3-BF4B-00C04F79EFBC}") = "User", "src\User\User.csproj", "{B4EDDC9E-9D94-6EAA-4B96-515626224B2F}"
EndProject
Project("{FAE04EC0-301F-11D3-BF4B-00C04F79EFBC}") = "Workflow", "src\Workflow\Workflow.csproj", "{4B6995A1-11FF-D020-28C1-31ADC08A6A6F}"
EndProject
Project("{2150E333-8FDC-42A3-9474-1A3956D46DE8}") = "Audit (1)", "Audit (1)", "{FB990374-DB44-7B04-0E55-9631C50928A4}"
EndProject
Project("{FAE04EC0-301F-11D3-BF4B-00C04F79EFBC}") = "Audit", "src\Audit\Audit\Audit.csproj", "{7BC29EED-817D-BF0D-FEC6-93261C41CC68}"
EndProject
Project("{2150E333-8FDC-42A3-9474-1A3956D46DE8}") = "Gateway (1)", "Gateway (1)", "{2C6C8397-7A39-A63E-CEDB-DB8B4B20BC87}"
EndProject
Project("{FAE04EC0-301F-11D3-BF4B-00C04F79EFBC}") = "Gateway", "src\Gateway\Gateway\Gateway.csproj", "{635669C0-098B-DCF1-A4A1-DF38CED341DE}"
EndProject
Project("{2150E333-8FDC-42A3-9474-1A3956D46DE8}") = "Identity (1)", "Identity (1)", "{543578D6-3037-77DC-002E-7279585B98C7}"
EndProject
Project("{FAE04EC0-301F-11D3-BF4B-00C04F79EFBC}") = "Identity", "src\Identity\Identity\Identity.csproj", "{171E8F22-A0E6-E25C-9A5E-A76AF2A8EB03}"
EndProject
Project("{2150E333-8FDC-42A3-9474-1A3956D46DE8}") = "Notification (1)", "Notification (1)", "{20B4952B-3F56-3D29-E80C-7A4EC311B613}"
EndProject
Project("{FAE04EC0-301F-11D3-BF4B-00C04F79EFBC}") = "Notification", "src\Notification\Notification\Notification.csproj", "{B9B8F254-5E94-6566-DB35-E41A54C53736}"
EndProject
Project("{2150E333-8FDC-42A3-9474-1A3956D46DE8}") = "User (1)", "User (1)", "{B48C0B94-7F7F-F3AF-A5DD-5B47BDAB2AA4}"
EndProject
Project("{FAE04EC0-301F-11D3-BF4B-00C04F79EFBC}") = "User", "src\User\User\User.csproj", "{3F60278D-B569-A481-ADB5-A5F4F6935A2A}"
EndProject
Project("{2150E333-8FDC-42A3-9474-1A3956D46DE8}") = "Workflow (1)", "Workflow (1)", "{C0F3BEDB-63D3-847C-361B-9E2B132E1167}"
EndProject
Project("{FAE04EC0-301F-11D3-BF4B-00C04F79EFBC}") = "Workflow", "src\Workflow\Workflow\Workflow.csproj", "{FE866725-9811-75F9-422A-9B19B21F05DA}"
EndProject
Global
	GlobalSection(SolutionConfigurationPlatforms) = preSolution
		Debug|Any CPU = Debug|Any CPU
		Release|Any CPU = Release|Any CPU
	EndGlobalSection
	GlobalSection(ProjectConfigurationPlatforms) = postSolution
		{26A6E8C9-B8E8-128E-F9AF-ED72ED014346}.Debug|Any CPU.ActiveCfg = Debug|Any CPU
		{26A6E8C9-B8E8-128E-F9AF-ED72ED014346}.Debug|Any CPU.Build.0 = Debug|Any CPU
		{26A6E8C9-B8E8-128E-F9AF-ED72ED014346}.Release|Any CPU.ActiveCfg = Release|Any CPU
		{26A6E8C9-B8E8-128E-F9AF-ED72ED014346}.Release|Any CPU.Build.0 = Release|Any CPU
		{318D2742-157B-1B92-9F01-01C7F80B2F48}.Debug|Any CPU.ActiveCfg = Debug|Any CPU
		{318D2742-157B-1B92-9F01-01C7F80B2F48}.Debug|Any CPU.Build.0 = Debug|Any CPU
		{318D2742-157B-1B92-9F01-01C7F80B2F48}.Release|Any CPU.ActiveCfg = Release|Any CPU
		{318D2742-157B-1B92-9F01-01C7F80B2F48}.Release|Any CPU.Build.0 = Release|Any CPU
		{FC6D1D09-2AC9-D68B-E183-4B79916DCE3A}.Debug|Any CPU.ActiveCfg = Debug|Any CPU
		{FC6D1D09-2AC9-D68B-E183-4B79916DCE3A}.Debug|Any CPU.Build.0 = Debug|Any CPU
		{FC6D1D09-2AC9-D68B-E183-4B79916DCE3A}.Release|Any CPU.ActiveCfg = Release|Any CPU
		{FC6D1D09-2AC9-D68B-E183-4B79916DCE3A}.Release|Any CPU.Build.0 = Release|Any CPU
		{A6400398-1D4F-B75F-372F-5934A00A7593}.Debug|Any CPU.ActiveCfg = Debug|Any CPU
		{A6400398-1D4F-B75F-372F-5934A00A7593}.Debug|Any CPU.Build.0 = Debug|Any CPU
		{A6400398-1D4F-B75F-372F-5934A00A7593}.Release|Any CPU.ActiveCfg = Release|Any CPU
		{A6400398-1D4F-B75F-372F-5934A00A7593}.Release|Any CPU.Build.0 = Release|Any CPU
		{B4EDDC9E-9D94-6EAA-4B96-515626224B2F}.Debug|Any CPU.ActiveCfg = Debug|Any CPU
		{B4EDDC9E-9D94-6EAA-4B96-515626224B2F}.Debug|Any CPU.Build.0 = Debug|Any CPU
		{B4EDDC9E-9D94-6EAA-4B96-515626224B2F}.Release|Any CPU.ActiveCfg = Release|Any CPU
		{B4EDDC9E-9D94-6EAA-4B96-515626224B2F}.Release|Any CPU.Build.0 = Release|Any CPU
		{4B6995A1-11FF-D020-28C1-31ADC08A6A6F}.Debug|Any CPU.ActiveCfg = Debug|Any CPU
		{4B6995A1-11FF-D020-28C1-31ADC08A6A6F}.Debug|Any CPU.Build.0 = Debug|Any CPU
		{4B6995A1-11FF-D020-28C1-31ADC08A6A6F}.Release|Any CPU.ActiveCfg = Release|Any CPU
		{4B6995A1-11FF-D020-28C1-31ADC08A6A6F}.Release|Any CPU.Build.0 = Release|Any CPU
		{7BC29EED-817D-BF0D-FEC6-93261C41CC68}.Debug|Any CPU.ActiveCfg = Debug|Any CPU
		{7BC29EED-817D-BF0D-FEC6-93261C41CC68}.Debug|Any CPU.Build.0 = Debug|Any CPU
		{7BC29EED-817D-BF0D-FEC6-93261C41CC68}.Release|Any CPU.ActiveCfg = Release|Any CPU
		{7BC29EED-817D-BF0D-FEC6-93261C41CC68}.Release|Any CPU.Build.0 = Release|Any CPU
		{635669C0-098B-DCF1-A4A1-DF38CED341DE}.Debug|Any CPU.ActiveCfg = Debug|Any CPU
		{635669C0-098B-DCF1-A4A1-DF38CED341DE}.Debug|Any CPU.Build.0 = Debug|Any CPU
		{635669C0-098B-DCF1-A4A1-DF38CED341DE}.Release|Any CPU.ActiveCfg = Release|Any CPU
		{635669C0-098B-DCF1-A4A1-DF38CED341DE}.Release|Any CPU.Build.0 = Release|Any CPU
		{171E8F22-A0E6-E25C-9A5E-A76AF2A8EB03}.Debug|Any CPU.ActiveCfg = Debug|Any CPU
		{171E8F22-A0E6-E25C-9A5E-A76AF2A8EB03}.Debug|Any CPU.Build.0 = Debug|Any CPU
		{171E8F22-A0E6-E25C-9A5E-A76AF2A8EB03}.Release|Any CPU.ActiveCfg = Release|Any CPU
		{171E8F22-A0E6-E25C-9A5E-A76AF2A8EB03}.Release|Any CPU.Build.0 = Release|Any CPU
		{B9B8F254-5E94-6566-DB35-E41A54C53736}.Debug|Any CPU.ActiveCfg = Debug|Any CPU
		{B9B8F254-5E94-6566-DB35-E41A54C53736}.Debug|Any CPU.Build.0 = Debug|Any CPU
		{B9B8F254-5E94-6566-DB35-E41A54C53736}.Release|Any CPU.ActiveCfg = Release|Any CPU
		{B9B8F254-5E94-6566-DB35-E41A54C53736}.Release|Any CPU.Build.0 = Release|Any CPU
		{3F60278D-B569-A481-ADB5-A5F4F6935A2A}.Debug|Any CPU.ActiveCfg = Debug|Any CPU
		{3F60278D-B569-A481-ADB5-A5F4F6935A2A}.Debug|Any CPU.Build.0 = Debug|Any CPU
		{3F60278D-B569-A481-ADB5-A5F4F6935A2A}.Release|Any CPU.ActiveCfg = Release|Any CPU
		{3F60278D-B569-A481-ADB5-A5F4F6935A2A}.Release|Any CPU.Build.0 = Release|Any CPU
		{FE866725-9811-75F9-422A-9B19B21F05DA}.Debug|Any CPU.ActiveCfg = Debug|Any CPU
		{FE866725-9811-75F9-422A-9B19B21F05DA}.Debug|Any CPU.Build.0 = Debug|Any CPU
		{FE866725-9811-75F9-422A-9B19B21F05DA}.Release|Any CPU.ActiveCfg = Release|Any CPU
		{FE866725-9811-75F9-422A-9B19B21F05DA}.Release|Any CPU.Build.0 = Release|Any CPU
	EndGlobalSection
	GlobalSection(SolutionProperties) = preSolution
		HideSolutionNode = FALSE
	EndGlobalSection
	GlobalSection(NestedProjects) = preSolution
		{26A6E8C9-B8E8-128E-F9AF-ED72ED014346} = {827E0CD3-B72D-47B6-A68D-7590B98EB39B}
		{318D2742-157B-1B92-9F01-01C7F80B2F48} = {827E0CD3-B72D-47B6-A68D-7590B98EB39B}
		{FC6D1D09-2AC9-D68B-E183-4B79916DCE3A} = {827E0CD3-B72D-47B6-A68D-7590B98EB39B}
		{A6400398-1D4F-B75F-372F-5934A00A7593} = {827E0CD3-B72D-47B6-A68D-7590B98EB39B}
		{B4EDDC9E-9D94-6EAA-4B96-515626224B2F} = {827E0CD3-B72D-47B6-A68D-7590B98EB39B}
		{4B6995A1-11FF-D020-28C1-31ADC08A6A6F} = {827E0CD3-B72D-47B6-A68D-7590B98EB39B}
		{FB990374-DB44-7B04-0E55-9631C50928A4} = {827E0CD3-B72D-47B6-A68D-7590B98EB39B}
		{7BC29EED-817D-BF0D-FEC6-93261C41CC68} = {FB990374-DB44-7B04-0E55-9631C50928A4}
		{2C6C8397-7A39-A63E-CEDB-DB8B4B20BC87} = {827E0CD3-B72D-47B6-A68D-7590B98EB39B}
		{635669C0-098B-DCF1-A4A1-DF38CED341DE} = {2C6C8397-7A39-A63E-CEDB-DB8B4B20BC87}
		{543578D6-3037-77DC-002E-7279585B98C7} = {827E0CD3-B72D-47B6-A68D-7590B98EB39B}
		{171E8F22-A0E6-E25C-9A5E-A76AF2A8EB03} = {543578D6-3037-77DC-002E-7279585B98C7}
		{20B4952B-3F56-3D29-E80C-7A4EC311B613} = {827E0CD3-B72D-47B6-A68D-7590B98EB39B}
		{B9B8F254-5E94-6566-DB35-E41A54C53736} = {20B4952B-3F56-3D29-E80C-7A4EC311B613}
		{B48C0B94-7F7F-F3AF-A5DD-5B47BDAB2AA4} = {827E0CD3-B72D-47B6-A68D-7590B98EB39B}
		{3F60278D-B569-A481-ADB5-A5F4F6935A2A} = {B48C0B94-7F7F-F3AF-A5DD-5B47BDAB2AA4}
		{C0F3BEDB-63D3-847C-361B-9E2B132E1167} = {827E0CD3-B72D-47B6-A68D-7590B98EB39B}
		{FE866725-9811-75F9-422A-9B19B21F05DA} = {C0F3BEDB-63D3-847C-361B-9E2B132E1167}
	EndGlobalSection
	GlobalSection(ExtensibilityGlobals) = postSolution
		SolutionGuid = {4F8602C4-93D8-418C-99A9-21B4687B6437}
	EndGlobalSection
EndGlobal
