
Microsoft Visual Studio Solution File, Format Version 12.00
# Visual Studio Version 17
VisualStudioVersion = 17.5.2.0
MinimumVisualStudioVersion = 10.0.40219.1
Project("{2150E333-8FDC-42A3-9474-1A3956D46DE8}") = "src", "src", "{827E0CD3-B72D-47B6-A68D-7590B98EB39B}"
EndProject
Project("{2150E333-8FDC-42A3-9474-1A3956D46DE8}") = "auth.service", "auth.service", "{7700C81A-5E4A-47FB-E49F-5219047CD78E}"
EndProject
Project("{FAE04EC0-301F-11D3-BF4B-00C04F79EFBC}") = "auth.api", "src\auth.service\auth.api\auth.api.csproj", "{B228242D-5992-6266-D3AC-F9FC1430F913}"
EndProject
Project("{FAE04EC0-301F-11D3-BF4B-00C04F79EFBC}") = "auth.core", "src\auth.service\auth.core\auth.core.csproj", "{3C91467D-8A3D-66C8-3D4F-EEA3D161743F}"
EndProject
Project("{FAE04EC0-301F-11D3-BF4B-00C04F79EFBC}") = "auth.infrastructure", "src\auth.service\auth.infrastructure\auth.infrastructure.csproj", "{6D6E93DC-5043-8126-9899-5D01B3108949}"
EndProject
Project("{FAE04EC0-301F-11D3-BF4B-00C04F79EFBC}") = "shared", "src\shared\shared.csproj", "{BF55400B-B0D2-47A7-ADBC-F47DA8E0A91B}"
EndProject
Project("{FAE04EC0-301F-11D3-BF4B-00C04F79EFBC}") = "auth.shared", "src\auth.service\auth.shared\auth.shared.csproj", "{EA99CBD7-6035-48E2-A70E-BB9FFF70F76D}"
EndProject
Project("{2150E333-8FDC-42A3-9474-1A3956D46DE8}") = "users.service", "users.service", "{4CFFF76C-F405-4244-83AA-F2BCDDDE9EEF}"
EndProject
Project("{2150E333-8FDC-42A3-9474-1A3956D46DE8}") = "notifications.service", "notifications.service", "{5DFFF76C-F405-4244-83AA-F2BCDDDE9EEF}"
EndProject
Project("{FAE04EC0-301F-11D3-BF4B-00C04F79EFBC}") = "users.core", "src\users.service\users.core\users.core.csproj", "{7391086A-AE98-4F0C-814D-45415FA7793C}"
EndProject
Project("{FAE04EC0-301F-11D3-BF4B-00C04F79EFBC}") = "users.api", "src\users.service\users.api\users.api.csproj", "{6E9B9075-5E32-4CC6-AEFD-E45EE610DB26}"
EndProject
Project("{FAE04EC0-301F-11D3-BF4B-00C04F79EFBC}") = "users.infrastructure", "src\users.service\users.infrastructure\users.infrastructure.csproj", "{258575BB-2D4C-4238-B7A8-A9EB04FEAEED}"
EndProject
Project("{FAE04EC0-301F-11D3-BF4B-00C04F79EFBC}") = "users.shared", "src\users.service\users.shared\users.shared.csproj", "{6BFC8CEF-FDC8-4021-A9D8-48BAF14B26AA}"
EndProject
Project("{FAE04EC0-301F-11D3-BF4B-00C04F79EFBC}") = "notifications.api", "src\notifications.service\notifications.api\notifications.api.csproj", "{7E9B9075-5E32-4CC6-AEFD-E45EE610DB26}"
EndProject
Project("{FAE04EC0-301F-11D3-BF4B-00C04F79EFBC}") = "notifications.core", "src\notifications.service\notifications.core\notifications.core.csproj", "{8F91086A-AE98-4F0C-814D-45415FA7793C}"
EndProject
Project("{FAE04EC0-301F-11D3-BF4B-00C04F79EFBC}") = "notifications.infrastructure", "src\notifications.service\notifications.infrastructure\notifications.infrastructure.csproj", "{9F8575BB-2D4C-4238-B7A8-A9EB04FEAEED}"
EndProject
Project("{FAE04EC0-301F-11D3-BF4B-00C04F79EFBC}") = "notifications.shared", "src\notifications.service\notifications.shared\notifications.shared.csproj", "{AFCC8CEF-FDC8-4021-A9D8-48BAF14B26AA}"
EndProject
Project("{FAE04EC0-301F-11D3-BF4B-00C04F79EFBC}") = "gateway", "src\gateway\gateway.csproj", "{55799657-1DDF-4052-96C6-CFD522405BEC}"
EndProject
Global
	GlobalSection(SolutionConfigurationPlatforms) = preSolution
		Debug|Any CPU = Debug|Any CPU
		Debug|x64 = Debug|x64
		Debug|x86 = Debug|x86
		Release|Any CPU = Release|Any CPU
		Release|x64 = Release|x64
		Release|x86 = Release|x86
	EndGlobalSection
	GlobalSection(ProjectConfigurationPlatforms) = postSolution
		{B228242D-5992-6266-D3AC-F9FC1430F913}.Debug|Any CPU.ActiveCfg = Debug|Any CPU
		{B228242D-5992-6266-D3AC-F9FC1430F913}.Debug|Any CPU.Build.0 = Debug|Any CPU
		{B228242D-5992-6266-D3AC-F9FC1430F913}.Debug|x64.ActiveCfg = Debug|Any CPU
		{B228242D-5992-6266-D3AC-F9FC1430F913}.Debug|x64.Build.0 = Debug|Any CPU
		{B228242D-5992-6266-D3AC-F9FC1430F913}.Debug|x86.ActiveCfg = Debug|Any CPU
		{B228242D-5992-6266-D3AC-F9FC1430F913}.Debug|x86.Build.0 = Debug|Any CPU
		{B228242D-5992-6266-D3AC-F9FC1430F913}.Release|Any CPU.ActiveCfg = Release|Any CPU
		{B228242D-5992-6266-D3AC-F9FC1430F913}.Release|Any CPU.Build.0 = Release|Any CPU
		{B228242D-5992-6266-D3AC-F9FC1430F913}.Release|x64.ActiveCfg = Release|Any CPU
		{B228242D-5992-6266-D3AC-F9FC1430F913}.Release|x64.Build.0 = Release|Any CPU
		{B228242D-5992-6266-D3AC-F9FC1430F913}.Release|x86.ActiveCfg = Release|Any CPU
		{B228242D-5992-6266-D3AC-F9FC1430F913}.Release|x86.Build.0 = Release|Any CPU
		{3C91467D-8A3D-66C8-3D4F-EEA3D161743F}.Debug|Any CPU.ActiveCfg = Debug|Any CPU
		{3C91467D-8A3D-66C8-3D4F-EEA3D161743F}.Debug|Any CPU.Build.0 = Debug|Any CPU
		{3C91467D-8A3D-66C8-3D4F-EEA3D161743F}.Debug|x64.ActiveCfg = Debug|Any CPU
		{3C91467D-8A3D-66C8-3D4F-EEA3D161743F}.Debug|x64.Build.0 = Debug|Any CPU
		{3C91467D-8A3D-66C8-3D4F-EEA3D161743F}.Debug|x86.ActiveCfg = Debug|Any CPU
		{3C91467D-8A3D-66C8-3D4F-EEA3D161743F}.Debug|x86.Build.0 = Debug|Any CPU
		{3C91467D-8A3D-66C8-3D4F-EEA3D161743F}.Release|Any CPU.ActiveCfg = Release|Any CPU
		{3C91467D-8A3D-66C8-3D4F-EEA3D161743F}.Release|Any CPU.Build.0 = Release|Any CPU
		{3C91467D-8A3D-66C8-3D4F-EEA3D161743F}.Release|x64.ActiveCfg = Release|Any CPU
		{3C91467D-8A3D-66C8-3D4F-EEA3D161743F}.Release|x64.Build.0 = Release|Any CPU
		{3C91467D-8A3D-66C8-3D4F-EEA3D161743F}.Release|x86.ActiveCfg = Release|Any CPU
		{3C91467D-8A3D-66C8-3D4F-EEA3D161743F}.Release|x86.Build.0 = Release|Any CPU
		{6D6E93DC-5043-8126-9899-5D01B3108949}.Debug|Any CPU.ActiveCfg = Debug|Any CPU
		{6D6E93DC-5043-8126-9899-5D01B3108949}.Debug|Any CPU.Build.0 = Debug|Any CPU
		{6D6E93DC-5043-8126-9899-5D01B3108949}.Debug|x64.ActiveCfg = Debug|Any CPU
		{6D6E93DC-5043-8126-9899-5D01B3108949}.Debug|x64.Build.0 = Debug|Any CPU
		{6D6E93DC-5043-8126-9899-5D01B3108949}.Debug|x86.ActiveCfg = Debug|Any CPU
		{6D6E93DC-5043-8126-9899-5D01B3108949}.Debug|x86.Build.0 = Debug|Any CPU
		{6D6E93DC-5043-8126-9899-5D01B3108949}.Release|Any CPU.ActiveCfg = Release|Any CPU
		{6D6E93DC-5043-8126-9899-5D01B3108949}.Release|Any CPU.Build.0 = Release|Any CPU
		{6D6E93DC-5043-8126-9899-5D01B3108949}.Release|x64.ActiveCfg = Release|Any CPU
		{6D6E93DC-5043-8126-9899-5D01B3108949}.Release|x64.Build.0 = Release|Any CPU
		{6D6E93DC-5043-8126-9899-5D01B3108949}.Release|x86.ActiveCfg = Release|Any CPU
		{6D6E93DC-5043-8126-9899-5D01B3108949}.Release|x86.Build.0 = Release|Any CPU
		{BF55400B-B0D2-47A7-ADBC-F47DA8E0A91B}.Debug|Any CPU.ActiveCfg = Debug|Any CPU
		{BF55400B-B0D2-47A7-ADBC-F47DA8E0A91B}.Debug|Any CPU.Build.0 = Debug|Any CPU
		{BF55400B-B0D2-47A7-ADBC-F47DA8E0A91B}.Debug|x64.ActiveCfg = Debug|Any CPU
		{BF55400B-B0D2-47A7-ADBC-F47DA8E0A91B}.Debug|x64.Build.0 = Debug|Any CPU
		{BF55400B-B0D2-47A7-ADBC-F47DA8E0A91B}.Debug|x86.ActiveCfg = Debug|Any CPU
		{BF55400B-B0D2-47A7-ADBC-F47DA8E0A91B}.Debug|x86.Build.0 = Debug|Any CPU
		{BF55400B-B0D2-47A7-ADBC-F47DA8E0A91B}.Release|Any CPU.ActiveCfg = Release|Any CPU
		{BF55400B-B0D2-47A7-ADBC-F47DA8E0A91B}.Release|Any CPU.Build.0 = Release|Any CPU
		{BF55400B-B0D2-47A7-ADBC-F47DA8E0A91B}.Release|x64.ActiveCfg = Release|Any CPU
		{BF55400B-B0D2-47A7-ADBC-F47DA8E0A91B}.Release|x64.Build.0 = Release|Any CPU
		{BF55400B-B0D2-47A7-ADBC-F47DA8E0A91B}.Release|x86.ActiveCfg = Release|Any CPU
		{BF55400B-B0D2-47A7-ADBC-F47DA8E0A91B}.Release|x86.Build.0 = Release|Any CPU
		{EA99CBD7-6035-48E2-A70E-BB9FFF70F76D}.Debug|Any CPU.ActiveCfg = Debug|Any CPU
		{EA99CBD7-6035-48E2-A70E-BB9FFF70F76D}.Debug|Any CPU.Build.0 = Debug|Any CPU
		{EA99CBD7-6035-48E2-A70E-BB9FFF70F76D}.Debug|x64.ActiveCfg = Debug|Any CPU
		{EA99CBD7-6035-48E2-A70E-BB9FFF70F76D}.Debug|x64.Build.0 = Debug|Any CPU
		{EA99CBD7-6035-48E2-A70E-BB9FFF70F76D}.Debug|x86.ActiveCfg = Debug|Any CPU
		{EA99CBD7-6035-48E2-A70E-BB9FFF70F76D}.Debug|x86.Build.0 = Debug|Any CPU
		{EA99CBD7-6035-48E2-A70E-BB9FFF70F76D}.Release|Any CPU.ActiveCfg = Release|Any CPU
		{EA99CBD7-6035-48E2-A70E-BB9FFF70F76D}.Release|Any CPU.Build.0 = Release|Any CPU
		{EA99CBD7-6035-48E2-A70E-BB9FFF70F76D}.Release|x64.ActiveCfg = Release|Any CPU
		{EA99CBD7-6035-48E2-A70E-BB9FFF70F76D}.Release|x64.Build.0 = Release|Any CPU
		{EA99CBD7-6035-48E2-A70E-BB9FFF70F76D}.Release|x86.ActiveCfg = Release|Any CPU
		{EA99CBD7-6035-48E2-A70E-BB9FFF70F76D}.Release|x86.Build.0 = Release|Any CPU
		{7391086A-AE98-4F0C-814D-45415FA7793C}.Debug|Any CPU.ActiveCfg = Debug|Any CPU
		{7391086A-AE98-4F0C-814D-45415FA7793C}.Debug|Any CPU.Build.0 = Debug|Any CPU
		{7391086A-AE98-4F0C-814D-45415FA7793C}.Debug|x64.ActiveCfg = Debug|Any CPU
		{7391086A-AE98-4F0C-814D-45415FA7793C}.Debug|x64.Build.0 = Debug|Any CPU
		{7391086A-AE98-4F0C-814D-45415FA7793C}.Debug|x86.ActiveCfg = Debug|Any CPU
		{7391086A-AE98-4F0C-814D-45415FA7793C}.Debug|x86.Build.0 = Debug|Any CPU
		{7391086A-AE98-4F0C-814D-45415FA7793C}.Release|Any CPU.ActiveCfg = Release|Any CPU
		{7391086A-AE98-4F0C-814D-45415FA7793C}.Release|Any CPU.Build.0 = Release|Any CPU
		{7391086A-AE98-4F0C-814D-45415FA7793C}.Release|x64.ActiveCfg = Release|Any CPU
		{7391086A-AE98-4F0C-814D-45415FA7793C}.Release|x64.Build.0 = Release|Any CPU
		{7391086A-AE98-4F0C-814D-45415FA7793C}.Release|x86.ActiveCfg = Release|Any CPU
		{7391086A-AE98-4F0C-814D-45415FA7793C}.Release|x86.Build.0 = Release|Any CPU
		{6E9B9075-5E32-4CC6-AEFD-E45EE610DB26}.Debug|Any CPU.ActiveCfg = Debug|Any CPU
		{6E9B9075-5E32-4CC6-AEFD-E45EE610DB26}.Debug|Any CPU.Build.0 = Debug|Any CPU
		{6E9B9075-5E32-4CC6-AEFD-E45EE610DB26}.Debug|x64.ActiveCfg = Debug|Any CPU
		{6E9B9075-5E32-4CC6-AEFD-E45EE610DB26}.Debug|x64.Build.0 = Debug|Any CPU
		{6E9B9075-5E32-4CC6-AEFD-E45EE610DB26}.Debug|x86.ActiveCfg = Debug|Any CPU
		{6E9B9075-5E32-4CC6-AEFD-E45EE610DB26}.Debug|x86.Build.0 = Debug|Any CPU
		{6E9B9075-5E32-4CC6-AEFD-E45EE610DB26}.Release|Any CPU.ActiveCfg = Release|Any CPU
		{6E9B9075-5E32-4CC6-AEFD-E45EE610DB26}.Release|Any CPU.Build.0 = Release|Any CPU
		{6E9B9075-5E32-4CC6-AEFD-E45EE610DB26}.Release|x64.ActiveCfg = Release|Any CPU
		{6E9B9075-5E32-4CC6-AEFD-E45EE610DB26}.Release|x64.Build.0 = Release|Any CPU
		{6E9B9075-5E32-4CC6-AEFD-E45EE610DB26}.Release|x86.ActiveCfg = Release|Any CPU
		{6E9B9075-5E32-4CC6-AEFD-E45EE610DB26}.Release|x86.Build.0 = Release|Any CPU
		{258575BB-2D4C-4238-B7A8-A9EB04FEAEED}.Debug|Any CPU.ActiveCfg = Debug|Any CPU
		{258575BB-2D4C-4238-B7A8-A9EB04FEAEED}.Debug|Any CPU.Build.0 = Debug|Any CPU
		{258575BB-2D4C-4238-B7A8-A9EB04FEAEED}.Debug|x64.ActiveCfg = Debug|Any CPU
		{258575BB-2D4C-4238-B7A8-A9EB04FEAEED}.Debug|x64.Build.0 = Debug|Any CPU
		{258575BB-2D4C-4238-B7A8-A9EB04FEAEED}.Debug|x86.ActiveCfg = Debug|Any CPU
		{258575BB-2D4C-4238-B7A8-A9EB04FEAEED}.Debug|x86.Build.0 = Debug|Any CPU
		{258575BB-2D4C-4238-B7A8-A9EB04FEAEED}.Release|Any CPU.ActiveCfg = Release|Any CPU
		{258575BB-2D4C-4238-B7A8-A9EB04FEAEED}.Release|Any CPU.Build.0 = Release|Any CPU
		{258575BB-2D4C-4238-B7A8-A9EB04FEAEED}.Release|x64.ActiveCfg = Release|Any CPU
		{258575BB-2D4C-4238-B7A8-A9EB04FEAEED}.Release|x64.Build.0 = Release|Any CPU
		{258575BB-2D4C-4238-B7A8-A9EB04FEAEED}.Release|x86.ActiveCfg = Release|Any CPU
		{258575BB-2D4C-4238-B7A8-A9EB04FEAEED}.Release|x86.Build.0 = Release|Any CPU
		{6BFC8CEF-FDC8-4021-A9D8-48BAF14B26AA}.Debug|Any CPU.ActiveCfg = Debug|Any CPU
		{6BFC8CEF-FDC8-4021-A9D8-48BAF14B26AA}.Debug|Any CPU.Build.0 = Debug|Any CPU
		{6BFC8CEF-FDC8-4021-A9D8-48BAF14B26AA}.Debug|x64.ActiveCfg = Debug|Any CPU
		{6BFC8CEF-FDC8-4021-A9D8-48BAF14B26AA}.Debug|x64.Build.0 = Debug|Any CPU
		{6BFC8CEF-FDC8-4021-A9D8-48BAF14B26AA}.Debug|x86.ActiveCfg = Debug|Any CPU
		{6BFC8CEF-FDC8-4021-A9D8-48BAF14B26AA}.Debug|x86.Build.0 = Debug|Any CPU
		{6BFC8CEF-FDC8-4021-A9D8-48BAF14B26AA}.Release|Any CPU.ActiveCfg = Release|Any CPU
		{6BFC8CEF-FDC8-4021-A9D8-48BAF14B26AA}.Release|Any CPU.Build.0 = Release|Any CPU
		{6BFC8CEF-FDC8-4021-A9D8-48BAF14B26AA}.Release|x64.ActiveCfg = Release|Any CPU
		{6BFC8CEF-FDC8-4021-A9D8-48BAF14B26AA}.Release|x64.Build.0 = Release|Any CPU
		{6BFC8CEF-FDC8-4021-A9D8-48BAF14B26AA}.Release|x86.ActiveCfg = Release|Any CPU
		{6BFC8CEF-FDC8-4021-A9D8-48BAF14B26AA}.Release|x86.Build.0 = Release|Any CPU
		{55799657-1DDF-4052-96C6-CFD522405BEC}.Debug|Any CPU.ActiveCfg = Debug|Any CPU
		{55799657-1DDF-4052-96C6-CFD522405BEC}.Debug|Any CPU.Build.0 = Debug|Any CPU
		{55799657-1DDF-4052-96C6-CFD522405BEC}.Debug|x64.ActiveCfg = Debug|Any CPU
		{55799657-1DDF-4052-96C6-CFD522405BEC}.Debug|x64.Build.0 = Debug|Any CPU
		{55799657-1DDF-4052-96C6-CFD522405BEC}.Debug|x86.ActiveCfg = Debug|Any CPU
		{55799657-1DDF-4052-96C6-CFD522405BEC}.Debug|x86.Build.0 = Debug|Any CPU
		{55799657-1DDF-4052-96C6-CFD522405BEC}.Release|Any CPU.ActiveCfg = Release|Any CPU
		{55799657-1DDF-4052-96C6-CFD522405BEC}.Release|Any CPU.Build.0 = Release|Any CPU
		{55799657-1DDF-4052-96C6-CFD522405BEC}.Release|x64.ActiveCfg = Release|Any CPU
		{55799657-1DDF-4052-96C6-CFD522405BEC}.Release|x64.Build.0 = Release|Any CPU
		{55799657-1DDF-4052-96C6-CFD522405BEC}.Release|x86.ActiveCfg = Release|Any CPU
		{55799657-1DDF-4052-96C6-CFD522405BEC}.Release|x86.Build.0 = Release|Any CPU
		{7E9B9075-5E32-4CC6-AEFD-E45EE610DB26}.Debug|Any CPU.ActiveCfg = Debug|Any CPU
		{7E9B9075-5E32-4CC6-AEFD-E45EE610DB26}.Debug|Any CPU.Build.0 = Debug|Any CPU
		{7E9B9075-5E32-4CC6-AEFD-E45EE610DB26}.Debug|x64.ActiveCfg = Debug|Any CPU
		{7E9B9075-5E32-4CC6-AEFD-E45EE610DB26}.Debug|x64.Build.0 = Debug|Any CPU
		{7E9B9075-5E32-4CC6-AEFD-E45EE610DB26}.Debug|x86.ActiveCfg = Debug|Any CPU
		{7E9B9075-5E32-4CC6-AEFD-E45EE610DB26}.Debug|x86.Build.0 = Debug|Any CPU
		{7E9B9075-5E32-4CC6-AEFD-E45EE610DB26}.Release|Any CPU.ActiveCfg = Release|Any CPU
		{7E9B9075-5E32-4CC6-AEFD-E45EE610DB26}.Release|Any CPU.Build.0 = Release|Any CPU
		{7E9B9075-5E32-4CC6-AEFD-E45EE610DB26}.Release|x64.ActiveCfg = Release|Any CPU
		{7E9B9075-5E32-4CC6-AEFD-E45EE610DB26}.Release|x64.Build.0 = Release|Any CPU
		{7E9B9075-5E32-4CC6-AEFD-E45EE610DB26}.Release|x86.ActiveCfg = Release|Any CPU
		{7E9B9075-5E32-4CC6-AEFD-E45EE610DB26}.Release|x86.Build.0 = Release|Any CPU
		{8F91086A-AE98-4F0C-814D-45415FA7793C}.Debug|Any CPU.ActiveCfg = Debug|Any CPU
		{8F91086A-AE98-4F0C-814D-45415FA7793C}.Debug|Any CPU.Build.0 = Debug|Any CPU
		{8F91086A-AE98-4F0C-814D-45415FA7793C}.Debug|x64.ActiveCfg = Debug|Any CPU
		{8F91086A-AE98-4F0C-814D-45415FA7793C}.Debug|x64.Build.0 = Debug|Any CPU
		{8F91086A-AE98-4F0C-814D-45415FA7793C}.Debug|x86.ActiveCfg = Debug|Any CPU
		{8F91086A-AE98-4F0C-814D-45415FA7793C}.Debug|x86.Build.0 = Debug|Any CPU
		{8F91086A-AE98-4F0C-814D-45415FA7793C}.Release|Any CPU.ActiveCfg = Release|Any CPU
		{8F91086A-AE98-4F0C-814D-45415FA7793C}.Release|Any CPU.Build.0 = Release|Any CPU
		{8F91086A-AE98-4F0C-814D-45415FA7793C}.Release|x64.ActiveCfg = Release|Any CPU
		{8F91086A-AE98-4F0C-814D-45415FA7793C}.Release|x64.Build.0 = Release|Any CPU
		{8F91086A-AE98-4F0C-814D-45415FA7793C}.Release|x86.ActiveCfg = Release|Any CPU
		{8F91086A-AE98-4F0C-814D-45415FA7793C}.Release|x86.Build.0 = Release|Any CPU
		{9F8575BB-2D4C-4238-B7A8-A9EB04FEAEED}.Debug|Any CPU.ActiveCfg = Debug|Any CPU
		{9F8575BB-2D4C-4238-B7A8-A9EB04FEAEED}.Debug|Any CPU.Build.0 = Debug|Any CPU
		{9F8575BB-2D4C-4238-B7A8-A9EB04FEAEED}.Debug|x64.ActiveCfg = Debug|Any CPU
		{9F8575BB-2D4C-4238-B7A8-A9EB04FEAEED}.Debug|x64.Build.0 = Debug|Any CPU
		{9F8575BB-2D4C-4238-B7A8-A9EB04FEAEED}.Debug|x86.ActiveCfg = Debug|Any CPU
		{9F8575BB-2D4C-4238-B7A8-A9EB04FEAEED}.Debug|x86.Build.0 = Debug|Any CPU
		{9F8575BB-2D4C-4238-B7A8-A9EB04FEAEED}.Release|Any CPU.ActiveCfg = Release|Any CPU
		{9F8575BB-2D4C-4238-B7A8-A9EB04FEAEED}.Release|Any CPU.Build.0 = Release|Any CPU
		{9F8575BB-2D4C-4238-B7A8-A9EB04FEAEED}.Release|x64.ActiveCfg = Release|Any CPU
		{9F8575BB-2D4C-4238-B7A8-A9EB04FEAEED}.Release|x64.Build.0 = Release|Any CPU
		{9F8575BB-2D4C-4238-B7A8-A9EB04FEAEED}.Release|x86.ActiveCfg = Release|Any CPU
		{9F8575BB-2D4C-4238-B7A8-A9EB04FEAEED}.Release|x86.Build.0 = Release|Any CPU
		{AFCC8CEF-FDC8-4021-A9D8-48BAF14B26AA}.Debug|Any CPU.ActiveCfg = Debug|Any CPU
		{AFCC8CEF-FDC8-4021-A9D8-48BAF14B26AA}.Debug|Any CPU.Build.0 = Debug|Any CPU
		{AFCC8CEF-FDC8-4021-A9D8-48BAF14B26AA}.Debug|x64.ActiveCfg = Debug|Any CPU
		{AFCC8CEF-FDC8-4021-A9D8-48BAF14B26AA}.Debug|x64.Build.0 = Debug|Any CPU
		{AFCC8CEF-FDC8-4021-A9D8-48BAF14B26AA}.Debug|x86.ActiveCfg = Debug|Any CPU
		{AFCC8CEF-FDC8-4021-A9D8-48BAF14B26AA}.Debug|x86.Build.0 = Debug|Any CPU
		{AFCC8CEF-FDC8-4021-A9D8-48BAF14B26AA}.Release|Any CPU.ActiveCfg = Release|Any CPU
		{AFCC8CEF-FDC8-4021-A9D8-48BAF14B26AA}.Release|Any CPU.Build.0 = Release|Any CPU
		{AFCC8CEF-FDC8-4021-A9D8-48BAF14B26AA}.Release|x64.ActiveCfg = Release|Any CPU
		{AFCC8CEF-FDC8-4021-A9D8-48BAF14B26AA}.Release|x64.Build.0 = Release|Any CPU
		{AFCC8CEF-FDC8-4021-A9D8-48BAF14B26AA}.Release|x86.ActiveCfg = Release|Any CPU
		{AFCC8CEF-FDC8-4021-A9D8-48BAF14B26AA}.Release|x86.Build.0 = Release|Any CPU
	EndGlobalSection
	GlobalSection(SolutionProperties) = preSolution
		HideSolutionNode = FALSE
	EndGlobalSection
	GlobalSection(NestedProjects) = preSolution
		{7700C81A-5E4A-47FB-E49F-5219047CD78E} = {827E0CD3-B72D-47B6-A68D-7590B98EB39B}
		{B228242D-5992-6266-D3AC-F9FC1430F913} = {7700C81A-5E4A-47FB-E49F-5219047CD78E}
		{3C91467D-8A3D-66C8-3D4F-EEA3D161743F} = {7700C81A-5E4A-47FB-E49F-5219047CD78E}
		{6D6E93DC-5043-8126-9899-5D01B3108949} = {7700C81A-5E4A-47FB-E49F-5219047CD78E}
		{BF55400B-B0D2-47A7-ADBC-F47DA8E0A91B} = {827E0CD3-B72D-47B6-A68D-7590B98EB39B}
		{EA99CBD7-6035-48E2-A70E-BB9FFF70F76D} = {7700C81A-5E4A-47FB-E49F-5219047CD78E}
		{4CFFF76C-F405-4244-83AA-F2BCDDDE9EEF} = {827E0CD3-B72D-47B6-A68D-7590B98EB39B}
		{7391086A-AE98-4F0C-814D-45415FA7793C} = {4CFFF76C-F405-4244-83AA-F2BCDDDE9EEF}
		{6E9B9075-5E32-4CC6-AEFD-E45EE610DB26} = {4CFFF76C-F405-4244-83AA-F2BCDDDE9EEF}
		{258575BB-2D4C-4238-B7A8-A9EB04FEAEED} = {4CFFF76C-F405-4244-83AA-F2BCDDDE9EEF}
		{6BFC8CEF-FDC8-4021-A9D8-48BAF14B26AA} = {4CFFF76C-F405-4244-83AA-F2BCDDDE9EEF}
		{55799657-1DDF-4052-96C6-CFD522405BEC} = {827E0CD3-B72D-47B6-A68D-7590B98EB39B}
		{7E9B9075-5E32-4CC6-AEFD-E45EE610DB26} = {5DFFF76C-F405-4244-83AA-F2BCDDDE9EEF}
		{8F91086A-AE98-4F0C-814D-45415FA7793C} = {5DFFF76C-F405-4244-83AA-F2BCDDDE9EEF}
		{9F8575BB-2D4C-4238-B7A8-A9EB04FEAEED} = {5DFFF76C-F405-4244-83AA-F2BCDDDE9EEF}
		{AFCC8CEF-FDC8-4021-A9D8-48BAF14B26AA} = {5DFFF76C-F405-4244-83AA-F2BCDDDE9EEF}
	EndGlobalSection
	GlobalSection(ExtensibilityGlobals) = postSolution
		SolutionGuid = {5A9DCDE1-CFC4-4082-8667-6D2A1DDBBEC0}
	EndGlobalSection
EndGlobal
